
Microsoft Visual Studio Solution File, Format Version 12.00
# Visual Studio 15
VisualStudioVersion = 15.0.27428.2037
MinimumVisualStudioVersion = 10.0.40219.1
Project("{FAE04EC0-301F-11D3-BF4B-00C04F79EFBC}") = "HighchartsNET", "HighchartsNET\HighchartsNET.csproj", "{B6C01106-EB97-459F-9C76-7C21FAA612D8}"
EndProject
Project("{E24C65DC-7377-472B-9ABA-BC803B73C61A}") = "Web", "Web\", "{224BA020-6A35-4048-B8F0-FADDA31A4880}"
	ProjectSection(WebsiteProperties) = preProject
		TargetFrameworkMoniker = ".NETFramework,Version%3Dv4.0"
		ProjectReferences = "{B6C01106-EB97-459F-9C76-7C21FAA612D8}|HighchartsNET.dll;"
		Debug.AspNetCompiler.VirtualPath = "/Web"
		Debug.AspNetCompiler.PhysicalPath = "Web\"
		Debug.AspNetCompiler.TargetPath = "PrecompiledWeb\Web\"
		Debug.AspNetCompiler.Updateable = "true"
		Debug.AspNetCompiler.ForceOverwrite = "true"
		Debug.AspNetCompiler.FixedNames = "false"
		Debug.AspNetCompiler.Debug = "True"
		Release.AspNetCompiler.VirtualPath = "/Web"
		Release.AspNetCompiler.PhysicalPath = "Web\"
		Release.AspNetCompiler.TargetPath = "PrecompiledWeb\Web\"
		Release.AspNetCompiler.Updateable = "true"
		Release.AspNetCompiler.ForceOverwrite = "true"
		Release.AspNetCompiler.FixedNames = "false"
		Release.AspNetCompiler.Debug = "False"
		VWDPort = "12817"
		SlnRelativePath = "Web\"
	EndProjectSection
EndProject
Project("{9A19103F-16F7-4668-BE54-9A1E7A4F7556}") = "HighchartsNETCore", "HighchartsNETCore\HighchartsNETCore.csproj", "{D5C9826A-BCF2-46B6-AA10-B7AB6571E24F}"
EndProject
Project("{9A19103F-16F7-4668-BE54-9A1E7A4F7556}") = "HighchartsNETCoreWeb", "HighchartsNETCoreWeb\HighchartsNETCoreWeb.csproj", "{7FE9727A-03E9-4665-AF9C-5F025EF56C4E}"
EndProject
Global
	GlobalSection(SolutionConfigurationPlatforms) = preSolution
		Debug|Any CPU = Debug|Any CPU
		Release|Any CPU = Release|Any CPU
	EndGlobalSection
	GlobalSection(ProjectConfigurationPlatforms) = postSolution
		{B6C01106-EB97-459F-9C76-7C21FAA612D8}.Debug|Any CPU.ActiveCfg = Debug|Any CPU
		{B6C01106-EB97-459F-9C76-7C21FAA612D8}.Debug|Any CPU.Build.0 = Debug|Any CPU
		{B6C01106-EB97-459F-9C76-7C21FAA612D8}.Release|Any CPU.ActiveCfg = Release|Any CPU
		{B6C01106-EB97-459F-9C76-7C21FAA612D8}.Release|Any CPU.Build.0 = Release|Any CPU
		{224BA020-6A35-4048-B8F0-FADDA31A4880}.Debug|Any CPU.ActiveCfg = Debug|Any CPU
		{224BA020-6A35-4048-B8F0-FADDA31A4880}.Debug|Any CPU.Build.0 = Debug|Any CPU
		{224BA020-6A35-4048-B8F0-FADDA31A4880}.Release|Any CPU.ActiveCfg = Debug|Any CPU
		{224BA020-6A35-4048-B8F0-FADDA31A4880}.Release|Any CPU.Build.0 = Debug|Any CPU
		{D5C9826A-BCF2-46B6-AA10-B7AB6571E24F}.Debug|Any CPU.ActiveCfg = Debug|Any CPU
		{D5C9826A-BCF2-46B6-AA10-B7AB6571E24F}.Debug|Any CPU.Build.0 = Debug|Any CPU
		{D5C9826A-BCF2-46B6-AA10-B7AB6571E24F}.Release|Any CPU.ActiveCfg = Release|Any CPU
		{D5C9826A-BCF2-46B6-AA10-B7AB6571E24F}.Release|Any CPU.Build.0 = Release|Any CPU
		{7FE9727A-03E9-4665-AF9C-5F025EF56C4E}.Debug|Any CPU.ActiveCfg = Debug|Any CPU
		{7FE9727A-03E9-4665-AF9C-5F025EF56C4E}.Debug|Any CPU.Build.0 = Debug|Any CPU
		{7FE9727A-03E9-4665-AF9C-5F025EF56C4E}.Release|Any CPU.ActiveCfg = Release|Any CPU
		{7FE9727A-03E9-4665-AF9C-5F025EF56C4E}.Release|Any CPU.Build.0 = Release|Any CPU
	EndGlobalSection
	GlobalSection(SolutionProperties) = preSolution
		HideSolutionNode = FALSE
	EndGlobalSection
	GlobalSection(ExtensibilityGlobals) = postSolution
		SolutionGuid = {809F83FB-2B7B-48E4-8162-A12FD127D8A4}
	EndGlobalSection
EndGlobal
